{
    "_readme": [
        "This file locks the dependencies of your project to a known state",
        "Read more about it at https://getcomposer.org/doc/01-basic-usage.md#installing-dependencies",
        "This file is @generated automatically"
    ],
    "content-hash": "628d09fe2d6746980c19008460960600",
    "packages": [
        {
            "name": "laswitchtech/php-configurator",
            "version": "v1.0.3",
            "source": {
                "type": "git",
                "url": "https://github.com/LouisOuellet/php-configurator.git",
                "reference": "d507954eff978e6516a224b808cd1f7a7b504fb2"
            },
            "dist": {
                "type": "zip",
                "url": "https://api.github.com/repos/LouisOuellet/php-configurator/zipball/d507954eff978e6516a224b808cd1f7a7b504fb2",
                "reference": "d507954eff978e6516a224b808cd1f7a7b504fb2",
                "shasum": ""
            },
            "type": "library",
            "autoload": {
                "psr-4": {
                    "LaswitchTech\\phpConfigurator\\": "src/"
                }
            },
            "notification-url": "https://packagist.org/downloads/",
            "license": [
                "GPL-3.0-only"
            ],
            "authors": [
                {
                    "name": "Louis Ouellet",
                    "email": "louis_ouellet@hotmail.com"
                }
            ],
            "description": "Configurator Library for PHP Applications",
            "support": {
                "issues": "https://github.com/LouisOuellet/php-configurator/issues",
                "source": "https://github.com/LouisOuellet/php-configurator/tree/v1.0.3"
            },
            "time": "2023-04-18T13:57:45+00:00"
        },
        {
            "name": "laswitchtech/php-logger",
            "version": "v1.2.7",
            "source": {
                "type": "git",
                "url": "https://github.com/LouisOuellet/php-logger.git",
                "reference": "e04129e68fe39648c2725252f85a62cf8888ae3c"
            },
            "dist": {
                "type": "zip",
                "url": "https://api.github.com/repos/LouisOuellet/php-logger/zipball/e04129e68fe39648c2725252f85a62cf8888ae3c",
                "reference": "e04129e68fe39648c2725252f85a62cf8888ae3c",
                "shasum": ""
            },
            "require": {
                "laswitchtech/php-configurator": "^1.0"
            },
            "type": "library",
            "autoload": {
                "psr-4": {
                    "LaswitchTech\\phpLogger\\": "src/"
                }
            },
            "notification-url": "https://packagist.org/downloads/",
            "license": [
                "GPL-3.0-only"
            ],
            "authors": [
                {
                    "name": "Louis Ouellet",
                    "email": "louis_ouellet@hotmail.com"
                }
            ],
            "description": "Easy to use logging library for PHP",
            "support": {
                "issues": "https://github.com/LouisOuellet/php-logger/issues",
                "source": "https://github.com/LouisOuellet/php-logger/tree/v1.2.7"
            },
            "time": "2023-04-18T13:59:02+00:00"
        }
    ],
    "packages-dev": [],
    "aliases": [],
    "minimum-stability": "stable",
    "stability-flags": [],
    "prefer-stable": false,
    "prefer-lowest": false,
    "platform": [],
    "platform-dev": [],
    "plugin-api-version": "2.3.0"
}
